
Microsoft Visual Studio Solution File, Format Version 12.00
# Visual Studio 14
VisualStudioVersion = 14.0.23107.0
MinimumVisualStudioVersion = 10.0.40219.1
Project("{8BC9CEB8-8B4A-11D0-8D11-00A0C91BC942}") = "OCR", "OCR.vcxproj", "{A1575449-BAF0-4335-88B5-B6A7C78C0CB0}"
EndProject
Project("{8BC9CEB8-8B4A-11D0-8D11-00A0C91BC942}") = "flm", "F:\SRILM\visual_studio\vs2005\lib_flm\flm.vcxproj", "{447CB638-6655-41E0-A0CA-27E572CE403D}"
EndProject
Project("{8BC9CEB8-8B4A-11D0-8D11-00A0C91BC942}") = "misc", "F:\SRILM\visual_studio\vs2005\lib_misc\misc.vcxproj", "{C62CCB54-397C-4DA7-94FE-E730F1592EA1}"
EndProject
Project("{8BC9CEB8-8B4A-11D0-8D11-00A0C91BC942}") = "z", "F:\SRILM\visual_studio\vs2005\lib_z\z.vcxproj", "{CE78E55E-8DE6-4A37-A092-721233412A4A}"
EndProject
Project("{8BC9CEB8-8B4A-11D0-8D11-00A0C91BC942}") = "dstruct", "F:\SRILM\visual_studio\vs2005\lib_dstruct\dstruct.vcxproj", "{E5A7A71B-6A5F-453E-994A-4D5750A34274}"
EndProject
Project("{8BC9CEB8-8B4A-11D0-8D11-00A0C91BC942}") = "oolm", "F:\SRILM\visual_studio\vs2005\lib_oolm\oolm.vcxproj", "{E8584E80-48BD-44BF-B1AE-89692BA464A0}"
EndProject
Project("{2150E333-8FDC-42A3-9474-1A3956D46DE8}") = "libs", "libs", "{941A6256-6375-40CD-A18D-9274EA513E62}"
EndProject
Project("{8BC9CEB8-8B4A-11D0-8D11-00A0C91BC942}") = "fannfloat", "..\..\..\FANN\fann\VS2010\fannfloat\fannfloat.vcxproj", "{2F0EC4B6-B3F8-4A05-A884-B935E82E1390}"
EndProject
Global
	GlobalSection(SolutionConfigurationPlatforms) = preSolution
		Debug_c|x64 = Debug_c|x64
		Debug_c|x86 = Debug_c|x86
		Debug|x64 = Debug|x64
		Debug|x86 = Debug|x86
		Release_c|x64 = Release_c|x64
		Release_c|x86 = Release_c|x86
		Release|x64 = Release|x64
		Release|x86 = Release|x86
	EndGlobalSection
	GlobalSection(ProjectConfigurationPlatforms) = postSolution
		{A1575449-BAF0-4335-88B5-B6A7C78C0CB0}.Debug_c|x64.ActiveCfg = Debug|x64
		{A1575449-BAF0-4335-88B5-B6A7C78C0CB0}.Debug_c|x64.Build.0 = Debug|x64
		{A1575449-BAF0-4335-88B5-B6A7C78C0CB0}.Debug_c|x86.ActiveCfg = Debug|Win32
		{A1575449-BAF0-4335-88B5-B6A7C78C0CB0}.Debug_c|x86.Build.0 = Debug|Win32
		{A1575449-BAF0-4335-88B5-B6A7C78C0CB0}.Debug|x64.ActiveCfg = Debug|x64
		{A1575449-BAF0-4335-88B5-B6A7C78C0CB0}.Debug|x64.Build.0 = Debug|x64
		{A1575449-BAF0-4335-88B5-B6A7C78C0CB0}.Debug|x86.ActiveCfg = Debug|Win32
		{A1575449-BAF0-4335-88B5-B6A7C78C0CB0}.Debug|x86.Build.0 = Debug|Win32
		{A1575449-BAF0-4335-88B5-B6A7C78C0CB0}.Release_c|x64.ActiveCfg = Release|x64
		{A1575449-BAF0-4335-88B5-B6A7C78C0CB0}.Release_c|x64.Build.0 = Release|x64
		{A1575449-BAF0-4335-88B5-B6A7C78C0CB0}.Release_c|x86.ActiveCfg = Release|Win32
		{A1575449-BAF0-4335-88B5-B6A7C78C0CB0}.Release_c|x86.Build.0 = Release|Win32
		{A1575449-BAF0-4335-88B5-B6A7C78C0CB0}.Release|x64.ActiveCfg = Release|x64
		{A1575449-BAF0-4335-88B5-B6A7C78C0CB0}.Release|x64.Build.0 = Release|x64
		{A1575449-BAF0-4335-88B5-B6A7C78C0CB0}.Release|x86.ActiveCfg = Release|Win32
		{A1575449-BAF0-4335-88B5-B6A7C78C0CB0}.Release|x86.Build.0 = Release|Win32
		{447CB638-6655-41E0-A0CA-27E572CE403D}.Debug_c|x64.ActiveCfg = Debug_c|x64
		{447CB638-6655-41E0-A0CA-27E572CE403D}.Debug_c|x64.Build.0 = Debug_c|x64
		{447CB638-6655-41E0-A0CA-27E572CE403D}.Debug_c|x86.ActiveCfg = Debug_c|Win32
		{447CB638-6655-41E0-A0CA-27E572CE403D}.Debug_c|x86.Build.0 = Debug_c|Win32
		{447CB638-6655-41E0-A0CA-27E572CE403D}.Debug|x64.ActiveCfg = Debug|x64
		{447CB638-6655-41E0-A0CA-27E572CE403D}.Debug|x64.Build.0 = Debug|x64
		{447CB638-6655-41E0-A0CA-27E572CE403D}.Debug|x86.ActiveCfg = Debug|Win32
		{447CB638-6655-41E0-A0CA-27E572CE403D}.Debug|x86.Build.0 = Debug|Win32
		{447CB638-6655-41E0-A0CA-27E572CE403D}.Release_c|x64.ActiveCfg = Release_c|x64
		{447CB638-6655-41E0-A0CA-27E572CE403D}.Release_c|x64.Build.0 = Release_c|x64
		{447CB638-6655-41E0-A0CA-27E572CE403D}.Release_c|x86.ActiveCfg = Release_c|Win32
		{447CB638-6655-41E0-A0CA-27E572CE403D}.Release_c|x86.Build.0 = Release_c|Win32
		{447CB638-6655-41E0-A0CA-27E572CE403D}.Release|x64.ActiveCfg = Release|x64
		{447CB638-6655-41E0-A0CA-27E572CE403D}.Release|x64.Build.0 = Release|x64
		{447CB638-6655-41E0-A0CA-27E572CE403D}.Release|x86.ActiveCfg = Release|Win32
		{447CB638-6655-41E0-A0CA-27E572CE403D}.Release|x86.Build.0 = Release|Win32
		{C62CCB54-397C-4DA7-94FE-E730F1592EA1}.Debug_c|x64.ActiveCfg = Debug_c|x64
		{C62CCB54-397C-4DA7-94FE-E730F1592EA1}.Debug_c|x64.Build.0 = Debug_c|x64
		{C62CCB54-397C-4DA7-94FE-E730F1592EA1}.Debug_c|x86.ActiveCfg = Debug_c|Win32
		{C62CCB54-397C-4DA7-94FE-E730F1592EA1}.Debug_c|x86.Build.0 = Debug_c|Win32
		{C62CCB54-397C-4DA7-94FE-E730F1592EA1}.Debug|x64.ActiveCfg = Debug|x64
		{C62CCB54-397C-4DA7-94FE-E730F1592EA1}.Debug|x64.Build.0 = Debug|x64
		{C62CCB54-397C-4DA7-94FE-E730F1592EA1}.Debug|x86.ActiveCfg = Debug|Win32
		{C62CCB54-397C-4DA7-94FE-E730F1592EA1}.Debug|x86.Build.0 = Debug|Win32
		{C62CCB54-397C-4DA7-94FE-E730F1592EA1}.Release_c|x64.ActiveCfg = Release_c|x64
		{C62CCB54-397C-4DA7-94FE-E730F1592EA1}.Release_c|x64.Build.0 = Release_c|x64
		{C62CCB54-397C-4DA7-94FE-E730F1592EA1}.Release_c|x86.ActiveCfg = Release_c|Win32
		{C62CCB54-397C-4DA7-94FE-E730F1592EA1}.Release_c|x86.Build.0 = Release_c|Win32
		{C62CCB54-397C-4DA7-94FE-E730F1592EA1}.Release|x64.ActiveCfg = Release|x64
		{C62CCB54-397C-4DA7-94FE-E730F1592EA1}.Release|x64.Build.0 = Release|x64
		{C62CCB54-397C-4DA7-94FE-E730F1592EA1}.Release|x86.ActiveCfg = Release|Win32
		{C62CCB54-397C-4DA7-94FE-E730F1592EA1}.Release|x86.Build.0 = Release|Win32
		{CE78E55E-8DE6-4A37-A092-721233412A4A}.Debug_c|x64.ActiveCfg = Debug_c|x64
		{CE78E55E-8DE6-4A37-A092-721233412A4A}.Debug_c|x64.Build.0 = Debug_c|x64
		{CE78E55E-8DE6-4A37-A092-721233412A4A}.Debug_c|x86.ActiveCfg = Debug_c|Win32
		{CE78E55E-8DE6-4A37-A092-721233412A4A}.Debug_c|x86.Build.0 = Debug_c|Win32
		{CE78E55E-8DE6-4A37-A092-721233412A4A}.Debug|x64.ActiveCfg = Debug|x64
		{CE78E55E-8DE6-4A37-A092-721233412A4A}.Debug|x64.Build.0 = Debug|x64
		{CE78E55E-8DE6-4A37-A092-721233412A4A}.Debug|x86.ActiveCfg = Debug|Win32
		{CE78E55E-8DE6-4A37-A092-721233412A4A}.Debug|x86.Build.0 = Debug|Win32
		{CE78E55E-8DE6-4A37-A092-721233412A4A}.Release_c|x64.ActiveCfg = Release_c|x64
		{CE78E55E-8DE6-4A37-A092-721233412A4A}.Release_c|x64.Build.0 = Release_c|x64
		{CE78E55E-8DE6-4A37-A092-721233412A4A}.Release_c|x86.ActiveCfg = Release_c|Win32
		{CE78E55E-8DE6-4A37-A092-721233412A4A}.Release_c|x86.Build.0 = Release_c|Win32
		{CE78E55E-8DE6-4A37-A092-721233412A4A}.Release|x64.ActiveCfg = Release|x64
		{CE78E55E-8DE6-4A37-A092-721233412A4A}.Release|x64.Build.0 = Release|x64
		{CE78E55E-8DE6-4A37-A092-721233412A4A}.Release|x86.ActiveCfg = Release|Win32
		{CE78E55E-8DE6-4A37-A092-721233412A4A}.Release|x86.Build.0 = Release|Win32
		{E5A7A71B-6A5F-453E-994A-4D5750A34274}.Debug_c|x64.ActiveCfg = Debug_c|x64
		{E5A7A71B-6A5F-453E-994A-4D5750A34274}.Debug_c|x64.Build.0 = Debug_c|x64
		{E5A7A71B-6A5F-453E-994A-4D5750A34274}.Debug_c|x86.ActiveCfg = Debug_c|Win32
		{E5A7A71B-6A5F-453E-994A-4D5750A34274}.Debug_c|x86.Build.0 = Debug_c|Win32
		{E5A7A71B-6A5F-453E-994A-4D5750A34274}.Debug|x64.ActiveCfg = Debug|x64
		{E5A7A71B-6A5F-453E-994A-4D5750A34274}.Debug|x64.Build.0 = Debug|x64
		{E5A7A71B-6A5F-453E-994A-4D5750A34274}.Debug|x86.ActiveCfg = Debug|Win32
		{E5A7A71B-6A5F-453E-994A-4D5750A34274}.Debug|x86.Build.0 = Debug|Win32
		{E5A7A71B-6A5F-453E-994A-4D5750A34274}.Release_c|x64.ActiveCfg = Release_c|x64
		{E5A7A71B-6A5F-453E-994A-4D5750A34274}.Release_c|x64.Build.0 = Release_c|x64
		{E5A7A71B-6A5F-453E-994A-4D5750A34274}.Release_c|x86.ActiveCfg = Release_c|Win32
		{E5A7A71B-6A5F-453E-994A-4D5750A34274}.Release_c|x86.Build.0 = Release_c|Win32
		{E5A7A71B-6A5F-453E-994A-4D5750A34274}.Release|x64.ActiveCfg = Release|x64
		{E5A7A71B-6A5F-453E-994A-4D5750A34274}.Release|x64.Build.0 = Release|x64
		{E5A7A71B-6A5F-453E-994A-4D5750A34274}.Release|x86.ActiveCfg = Release|Win32
		{E5A7A71B-6A5F-453E-994A-4D5750A34274}.Release|x86.Build.0 = Release|Win32
		{E8584E80-48BD-44BF-B1AE-89692BA464A0}.Debug_c|x64.ActiveCfg = Debug_c|x64
		{E8584E80-48BD-44BF-B1AE-89692BA464A0}.Debug_c|x64.Build.0 = Debug_c|x64
		{E8584E80-48BD-44BF-B1AE-89692BA464A0}.Debug_c|x86.ActiveCfg = Debug_c|Win32
		{E8584E80-48BD-44BF-B1AE-89692BA464A0}.Debug_c|x86.Build.0 = Debug_c|Win32
		{E8584E80-48BD-44BF-B1AE-89692BA464A0}.Debug|x64.ActiveCfg = Debug|x64
		{E8584E80-48BD-44BF-B1AE-89692BA464A0}.Debug|x64.Build.0 = Debug|x64
		{E8584E80-48BD-44BF-B1AE-89692BA464A0}.Debug|x86.ActiveCfg = Debug|Win32
		{E8584E80-48BD-44BF-B1AE-89692BA464A0}.Debug|x86.Build.0 = Debug|Win32
		{E8584E80-48BD-44BF-B1AE-89692BA464A0}.Release_c|x64.ActiveCfg = Release_c|x64
		{E8584E80-48BD-44BF-B1AE-89692BA464A0}.Release_c|x64.Build.0 = Release_c|x64
		{E8584E80-48BD-44BF-B1AE-89692BA464A0}.Release_c|x86.ActiveCfg = Release_c|Win32
		{E8584E80-48BD-44BF-B1AE-89692BA464A0}.Release_c|x86.Build.0 = Release_c|Win32
		{E8584E80-48BD-44BF-B1AE-89692BA464A0}.Release|x64.ActiveCfg = Release|x64
		{E8584E80-48BD-44BF-B1AE-89692BA464A0}.Release|x64.Build.0 = Release|x64
		{E8584E80-48BD-44BF-B1AE-89692BA464A0}.Release|x86.ActiveCfg = Release|Win32
		{E8584E80-48BD-44BF-B1AE-89692BA464A0}.Release|x86.Build.0 = Release|Win32
		{2F0EC4B6-B3F8-4A05-A884-B935E82E1390}.Debug_c|x64.ActiveCfg = Debug|x64
		{2F0EC4B6-B3F8-4A05-A884-B935E82E1390}.Debug_c|x64.Build.0 = Debug|x64
		{2F0EC4B6-B3F8-4A05-A884-B935E82E1390}.Debug_c|x86.ActiveCfg = Debug|Win32
		{2F0EC4B6-B3F8-4A05-A884-B935E82E1390}.Debug_c|x86.Build.0 = Debug|Win32
		{2F0EC4B6-B3F8-4A05-A884-B935E82E1390}.Debug|x64.ActiveCfg = Debug|x64
		{2F0EC4B6-B3F8-4A05-A884-B935E82E1390}.Debug|x64.Build.0 = Debug|x64
		{2F0EC4B6-B3F8-4A05-A884-B935E82E1390}.Debug|x86.ActiveCfg = Debug|Win32
		{2F0EC4B6-B3F8-4A05-A884-B935E82E1390}.Debug|x86.Build.0 = Debug|Win32
		{2F0EC4B6-B3F8-4A05-A884-B935E82E1390}.Release_c|x64.ActiveCfg = Release|x64
		{2F0EC4B6-B3F8-4A05-A884-B935E82E1390}.Release_c|x64.Build.0 = Release|x64
		{2F0EC4B6-B3F8-4A05-A884-B935E82E1390}.Release_c|x86.ActiveCfg = Release|Win32
		{2F0EC4B6-B3F8-4A05-A884-B935E82E1390}.Release_c|x86.Build.0 = Release|Win32
		{2F0EC4B6-B3F8-4A05-A884-B935E82E1390}.Release|x64.ActiveCfg = Release|x64
		{2F0EC4B6-B3F8-4A05-A884-B935E82E1390}.Release|x64.Build.0 = Release|x64
		{2F0EC4B6-B3F8-4A05-A884-B935E82E1390}.Release|x86.ActiveCfg = Release|Win32
		{2F0EC4B6-B3F8-4A05-A884-B935E82E1390}.Release|x86.Build.0 = Release|Win32
	EndGlobalSection
	GlobalSection(SolutionProperties) = preSolution
		HideSolutionNode = FALSE
	EndGlobalSection
	GlobalSection(NestedProjects) = preSolution
		{447CB638-6655-41E0-A0CA-27E572CE403D} = {941A6256-6375-40CD-A18D-9274EA513E62}
		{C62CCB54-397C-4DA7-94FE-E730F1592EA1} = {941A6256-6375-40CD-A18D-9274EA513E62}
		{CE78E55E-8DE6-4A37-A092-721233412A4A} = {941A6256-6375-40CD-A18D-9274EA513E62}
		{E5A7A71B-6A5F-453E-994A-4D5750A34274} = {941A6256-6375-40CD-A18D-9274EA513E62}
		{E8584E80-48BD-44BF-B1AE-89692BA464A0} = {941A6256-6375-40CD-A18D-9274EA513E62}
		{2F0EC4B6-B3F8-4A05-A884-B935E82E1390} = {941A6256-6375-40CD-A18D-9274EA513E62}
	EndGlobalSection
EndGlobal
