
Microsoft Visual Studio Solution File, Format Version 12.00
# Visual Studio 14
VisualStudioVersion = 14.0.23107.0
MinimumVisualStudioVersion = 10.0.40219.1
Project("{8BC9CEB8-8B4A-11D0-8D11-00A0C91BC942}") = "Final", "Final\Final.vcxproj", "{B1F8F2D8-4771-450A-9AC8-E3ADF0260F04}"
EndProject
Project("{8BC9CEB8-8B4A-11D0-8D11-00A0C91BC942}") = "fanndouble", "..\..\FANN\fann\VS2010\fanndouble\fanndouble.vcxproj", "{7FFD0423-9EE1-4CB9-AAF0-6FC5F82535FF}"
EndProject
Project("{8BC9CEB8-8B4A-11D0-8D11-00A0C91BC942}") = "fannfixed", "..\..\FANN\fann\VS2010\fannfixed\fannfixed.vcxproj", "{80EE4A35-E029-4E6E-914D-899D409F40DF}"
EndProject
Project("{8BC9CEB8-8B4A-11D0-8D11-00A0C91BC942}") = "fannfloat", "..\..\FANN\fann\VS2010\fannfloat\fannfloat.vcxproj", "{2F0EC4B6-B3F8-4A05-A884-B935E82E1390}"
EndProject
Global
	GlobalSection(SolutionConfigurationPlatforms) = preSolution
		Debug|x64 = Debug|x64
		Debug|x86 = Debug|x86
		DLL Debug|x64 = DLL Debug|x64
		DLL Debug|x86 = DLL Debug|x86
		DLL Release|x64 = DLL Release|x64
		DLL Release|x86 = DLL Release|x86
		LIB Debug|x64 = LIB Debug|x64
		LIB Debug|x86 = LIB Debug|x86
		LIB Release|x64 = LIB Release|x64
		LIB Release|x86 = LIB Release|x86
		Release|x64 = Release|x64
		Release|x86 = Release|x86
	EndGlobalSection
	GlobalSection(ProjectConfigurationPlatforms) = postSolution
		{B1F8F2D8-4771-450A-9AC8-E3ADF0260F04}.Debug|x64.ActiveCfg = Debug|x64
		{B1F8F2D8-4771-450A-9AC8-E3ADF0260F04}.Debug|x64.Build.0 = Debug|x64
		{B1F8F2D8-4771-450A-9AC8-E3ADF0260F04}.Debug|x86.ActiveCfg = Debug|Win32
		{B1F8F2D8-4771-450A-9AC8-E3ADF0260F04}.Debug|x86.Build.0 = Debug|Win32
		{B1F8F2D8-4771-450A-9AC8-E3ADF0260F04}.DLL Debug|x64.ActiveCfg = Debug|x64
		{B1F8F2D8-4771-450A-9AC8-E3ADF0260F04}.DLL Debug|x64.Build.0 = Debug|x64
		{B1F8F2D8-4771-450A-9AC8-E3ADF0260F04}.DLL Debug|x86.ActiveCfg = Debug|Win32
		{B1F8F2D8-4771-450A-9AC8-E3ADF0260F04}.DLL Debug|x86.Build.0 = Debug|Win32
		{B1F8F2D8-4771-450A-9AC8-E3ADF0260F04}.DLL Release|x64.ActiveCfg = Release|x64
		{B1F8F2D8-4771-450A-9AC8-E3ADF0260F04}.DLL Release|x64.Build.0 = Release|x64
		{B1F8F2D8-4771-450A-9AC8-E3ADF0260F04}.DLL Release|x86.ActiveCfg = Release|Win32
		{B1F8F2D8-4771-450A-9AC8-E3ADF0260F04}.DLL Release|x86.Build.0 = Release|Win32
		{B1F8F2D8-4771-450A-9AC8-E3ADF0260F04}.LIB Debug|x64.ActiveCfg = Debug|x64
		{B1F8F2D8-4771-450A-9AC8-E3ADF0260F04}.LIB Debug|x64.Build.0 = Debug|x64
		{B1F8F2D8-4771-450A-9AC8-E3ADF0260F04}.LIB Debug|x86.ActiveCfg = Debug|Win32
		{B1F8F2D8-4771-450A-9AC8-E3ADF0260F04}.LIB Debug|x86.Build.0 = Debug|Win32
		{B1F8F2D8-4771-450A-9AC8-E3ADF0260F04}.LIB Release|x64.ActiveCfg = Release|x64
		{B1F8F2D8-4771-450A-9AC8-E3ADF0260F04}.LIB Release|x64.Build.0 = Release|x64
		{B1F8F2D8-4771-450A-9AC8-E3ADF0260F04}.LIB Release|x86.ActiveCfg = Release|Win32
		{B1F8F2D8-4771-450A-9AC8-E3ADF0260F04}.LIB Release|x86.Build.0 = Release|Win32
		{B1F8F2D8-4771-450A-9AC8-E3ADF0260F04}.Release|x64.ActiveCfg = Release|x64
		{B1F8F2D8-4771-450A-9AC8-E3ADF0260F04}.Release|x64.Build.0 = Release|x64
		{B1F8F2D8-4771-450A-9AC8-E3ADF0260F04}.Release|x86.ActiveCfg = Release|Win32
		{B1F8F2D8-4771-450A-9AC8-E3ADF0260F04}.Release|x86.Build.0 = Release|Win32
		{7FFD0423-9EE1-4CB9-AAF0-6FC5F82535FF}.Debug|x64.ActiveCfg = Debug|x64
		{7FFD0423-9EE1-4CB9-AAF0-6FC5F82535FF}.Debug|x64.Build.0 = Debug|x64
		{7FFD0423-9EE1-4CB9-AAF0-6FC5F82535FF}.Debug|x86.ActiveCfg = Debug|Win32
		{7FFD0423-9EE1-4CB9-AAF0-6FC5F82535FF}.Debug|x86.Build.0 = Debug|Win32
		{7FFD0423-9EE1-4CB9-AAF0-6FC5F82535FF}.DLL Debug|x64.ActiveCfg = Debug|x64
		{7FFD0423-9EE1-4CB9-AAF0-6FC5F82535FF}.DLL Debug|x64.Build.0 = Debug|x64
		{7FFD0423-9EE1-4CB9-AAF0-6FC5F82535FF}.DLL Debug|x86.ActiveCfg = Debug|Win32
		{7FFD0423-9EE1-4CB9-AAF0-6FC5F82535FF}.DLL Debug|x86.Build.0 = Debug|Win32
		{7FFD0423-9EE1-4CB9-AAF0-6FC5F82535FF}.DLL Release|x64.ActiveCfg = Release|x64
		{7FFD0423-9EE1-4CB9-AAF0-6FC5F82535FF}.DLL Release|x64.Build.0 = Release|x64
		{7FFD0423-9EE1-4CB9-AAF0-6FC5F82535FF}.DLL Release|x86.ActiveCfg = Release|Win32
		{7FFD0423-9EE1-4CB9-AAF0-6FC5F82535FF}.DLL Release|x86.Build.0 = Release|Win32
		{7FFD0423-9EE1-4CB9-AAF0-6FC5F82535FF}.LIB Debug|x64.ActiveCfg = Debug|x64
		{7FFD0423-9EE1-4CB9-AAF0-6FC5F82535FF}.LIB Debug|x64.Build.0 = Debug|x64
		{7FFD0423-9EE1-4CB9-AAF0-6FC5F82535FF}.LIB Debug|x86.ActiveCfg = Debug|Win32
		{7FFD0423-9EE1-4CB9-AAF0-6FC5F82535FF}.LIB Debug|x86.Build.0 = Debug|Win32
		{7FFD0423-9EE1-4CB9-AAF0-6FC5F82535FF}.LIB Release|x64.ActiveCfg = Release|x64
		{7FFD0423-9EE1-4CB9-AAF0-6FC5F82535FF}.LIB Release|x64.Build.0 = Release|x64
		{7FFD0423-9EE1-4CB9-AAF0-6FC5F82535FF}.LIB Release|x86.ActiveCfg = Release|Win32
		{7FFD0423-9EE1-4CB9-AAF0-6FC5F82535FF}.LIB Release|x86.Build.0 = Release|Win32
		{7FFD0423-9EE1-4CB9-AAF0-6FC5F82535FF}.Release|x64.ActiveCfg = Release|x64
		{7FFD0423-9EE1-4CB9-AAF0-6FC5F82535FF}.Release|x64.Build.0 = Release|x64
		{7FFD0423-9EE1-4CB9-AAF0-6FC5F82535FF}.Release|x86.ActiveCfg = Release|Win32
		{7FFD0423-9EE1-4CB9-AAF0-6FC5F82535FF}.Release|x86.Build.0 = Release|Win32
		{80EE4A35-E029-4E6E-914D-899D409F40DF}.Debug|x64.ActiveCfg = Debug|x64
		{80EE4A35-E029-4E6E-914D-899D409F40DF}.Debug|x64.Build.0 = Debug|x64
		{80EE4A35-E029-4E6E-914D-899D409F40DF}.Debug|x86.ActiveCfg = Debug|Win32
		{80EE4A35-E029-4E6E-914D-899D409F40DF}.Debug|x86.Build.0 = Debug|Win32
		{80EE4A35-E029-4E6E-914D-899D409F40DF}.DLL Debug|x64.ActiveCfg = Debug|x64
		{80EE4A35-E029-4E6E-914D-899D409F40DF}.DLL Debug|x64.Build.0 = Debug|x64
		{80EE4A35-E029-4E6E-914D-899D409F40DF}.DLL Debug|x86.ActiveCfg = Debug|Win32
		{80EE4A35-E029-4E6E-914D-899D409F40DF}.DLL Debug|x86.Build.0 = Debug|Win32
		{80EE4A35-E029-4E6E-914D-899D409F40DF}.DLL Release|x64.ActiveCfg = Release|x64
		{80EE4A35-E029-4E6E-914D-899D409F40DF}.DLL Release|x64.Build.0 = Release|x64
		{80EE4A35-E029-4E6E-914D-899D409F40DF}.DLL Release|x86.ActiveCfg = Release|Win32
		{80EE4A35-E029-4E6E-914D-899D409F40DF}.DLL Release|x86.Build.0 = Release|Win32
		{80EE4A35-E029-4E6E-914D-899D409F40DF}.LIB Debug|x64.ActiveCfg = Debug|x64
		{80EE4A35-E029-4E6E-914D-899D409F40DF}.LIB Debug|x64.Build.0 = Debug|x64
		{80EE4A35-E029-4E6E-914D-899D409F40DF}.LIB Debug|x86.ActiveCfg = Debug|Win32
		{80EE4A35-E029-4E6E-914D-899D409F40DF}.LIB Debug|x86.Build.0 = Debug|Win32
		{80EE4A35-E029-4E6E-914D-899D409F40DF}.LIB Release|x64.ActiveCfg = Release|x64
		{80EE4A35-E029-4E6E-914D-899D409F40DF}.LIB Release|x64.Build.0 = Release|x64
		{80EE4A35-E029-4E6E-914D-899D409F40DF}.LIB Release|x86.ActiveCfg = Release|Win32
		{80EE4A35-E029-4E6E-914D-899D409F40DF}.LIB Release|x86.Build.0 = Release|Win32
		{80EE4A35-E029-4E6E-914D-899D409F40DF}.Release|x64.ActiveCfg = Release|x64
		{80EE4A35-E029-4E6E-914D-899D409F40DF}.Release|x64.Build.0 = Release|x64
		{80EE4A35-E029-4E6E-914D-899D409F40DF}.Release|x86.ActiveCfg = Release|Win32
		{80EE4A35-E029-4E6E-914D-899D409F40DF}.Release|x86.Build.0 = Release|Win32
		{2F0EC4B6-B3F8-4A05-A884-B935E82E1390}.Debug|x64.ActiveCfg = Debug|x64
		{2F0EC4B6-B3F8-4A05-A884-B935E82E1390}.Debug|x64.Build.0 = Debug|x64
		{2F0EC4B6-B3F8-4A05-A884-B935E82E1390}.Debug|x86.ActiveCfg = Debug|Win32
		{2F0EC4B6-B3F8-4A05-A884-B935E82E1390}.Debug|x86.Build.0 = Debug|Win32
		{2F0EC4B6-B3F8-4A05-A884-B935E82E1390}.DLL Debug|x64.ActiveCfg = Debug|x64
		{2F0EC4B6-B3F8-4A05-A884-B935E82E1390}.DLL Debug|x64.Build.0 = Debug|x64
		{2F0EC4B6-B3F8-4A05-A884-B935E82E1390}.DLL Debug|x86.ActiveCfg = Debug|Win32
		{2F0EC4B6-B3F8-4A05-A884-B935E82E1390}.DLL Debug|x86.Build.0 = Debug|Win32
		{2F0EC4B6-B3F8-4A05-A884-B935E82E1390}.DLL Release|x64.ActiveCfg = Release|x64
		{2F0EC4B6-B3F8-4A05-A884-B935E82E1390}.DLL Release|x64.Build.0 = Release|x64
		{2F0EC4B6-B3F8-4A05-A884-B935E82E1390}.DLL Release|x86.ActiveCfg = Release|Win32
		{2F0EC4B6-B3F8-4A05-A884-B935E82E1390}.DLL Release|x86.Build.0 = Release|Win32
		{2F0EC4B6-B3F8-4A05-A884-B935E82E1390}.LIB Debug|x64.ActiveCfg = Debug|x64
		{2F0EC4B6-B3F8-4A05-A884-B935E82E1390}.LIB Debug|x64.Build.0 = Debug|x64
		{2F0EC4B6-B3F8-4A05-A884-B935E82E1390}.LIB Debug|x86.ActiveCfg = Debug|Win32
		{2F0EC4B6-B3F8-4A05-A884-B935E82E1390}.LIB Debug|x86.Build.0 = Debug|Win32
		{2F0EC4B6-B3F8-4A05-A884-B935E82E1390}.LIB Release|x64.ActiveCfg = Release|x64
		{2F0EC4B6-B3F8-4A05-A884-B935E82E1390}.LIB Release|x64.Build.0 = Release|x64
		{2F0EC4B6-B3F8-4A05-A884-B935E82E1390}.LIB Release|x86.ActiveCfg = Release|Win32
		{2F0EC4B6-B3F8-4A05-A884-B935E82E1390}.LIB Release|x86.Build.0 = Release|Win32
		{2F0EC4B6-B3F8-4A05-A884-B935E82E1390}.Release|x64.ActiveCfg = Release|x64
		{2F0EC4B6-B3F8-4A05-A884-B935E82E1390}.Release|x64.Build.0 = Release|x64
		{2F0EC4B6-B3F8-4A05-A884-B935E82E1390}.Release|x86.ActiveCfg = Release|Win32
		{2F0EC4B6-B3F8-4A05-A884-B935E82E1390}.Release|x86.Build.0 = Release|Win32
	EndGlobalSection
	GlobalSection(SolutionProperties) = preSolution
		HideSolutionNode = FALSE
	EndGlobalSection
EndGlobal
