
Microsoft Visual Studio Solution File, Format Version 12.00
# Visual Studio 14
VisualStudioVersion = 14.0.23107.0
MinimumVisualStudioVersion = 10.0.40219.1
Project("{8BC9CEB8-8B4A-11D0-8D11-00A0C91BC942}") = "Final", "Final\Final.vcxproj", "{B1F8F2D8-4771-450A-9AC8-E3ADF0260F04}"
EndProject
Project("{8BC9CEB8-8B4A-11D0-8D11-00A0C91BC942}") = "fanndouble", "..\..\FANN\fann\VS2010\fanndouble\fanndouble.vcxproj", "{7FFD0423-9EE1-4CB9-AAF0-6FC5F82535FF}"
EndProject
Project("{8BC9CEB8-8B4A-11D0-8D11-00A0C91BC942}") = "fannfixed", "..\..\FANN\fann\VS2010\fannfixed\fannfixed.vcxproj", "{80EE4A35-E029-4E6E-914D-899D409F40DF}"
EndProject
Project("{8BC9CEB8-8B4A-11D0-8D11-00A0C91BC942}") = "fannfloat", "..\..\FANN\fann\VS2010\fannfloat\fannfloat.vcxproj", "{2F0EC4B6-B3F8-4A05-A884-B935E82E1390}"
EndProject
Project("{2150E333-8FDC-42A3-9474-1A3956D46DE8}") = "libs", "libs", "{F8C9BA25-5E0B-4D0E-AE94-822DE9F77D77}"
EndProject
Project("{8BC9CEB8-8B4A-11D0-8D11-00A0C91BC942}") = "flm", "..\..\SRILM\visual_studio\vs2005\lib_flm\flm.vcxproj", "{447CB638-6655-41E0-A0CA-27E572CE403D}"
EndProject
Project("{8BC9CEB8-8B4A-11D0-8D11-00A0C91BC942}") = "misc", "..\..\SRILM\visual_studio\vs2005\lib_misc\misc.vcxproj", "{C62CCB54-397C-4DA7-94FE-E730F1592EA1}"
EndProject
Project("{8BC9CEB8-8B4A-11D0-8D11-00A0C91BC942}") = "z", "..\..\SRILM\visual_studio\vs2005\lib_z\z.vcxproj", "{CE78E55E-8DE6-4A37-A092-721233412A4A}"
EndProject
Project("{8BC9CEB8-8B4A-11D0-8D11-00A0C91BC942}") = "dstruct", "..\..\SRILM\visual_studio\vs2005\lib_dstruct\dstruct.vcxproj", "{E5A7A71B-6A5F-453E-994A-4D5750A34274}"
EndProject
Project("{8BC9CEB8-8B4A-11D0-8D11-00A0C91BC942}") = "oolm", "..\..\SRILM\visual_studio\vs2005\lib_oolm\oolm.vcxproj", "{E8584E80-48BD-44BF-B1AE-89692BA464A0}"
EndProject
Project("{8BC9CEB8-8B4A-11D0-8D11-00A0C91BC942}") = "ngram-count", "..\..\SRILM\visual_studio\vs2005\ngram-count\ngram-count.vcxproj", "{DB036BA5-F9D8-48E3-B644-CAD51CA20FB0}"
EndProject
Project("{8BC9CEB8-8B4A-11D0-8D11-00A0C91BC942}") = "ngram", "..\..\SRILM\visual_studio\vs2005\ngram\ngram.vcxproj", "{0AD41568-1FD0-45B5-8376-C444BC762E51}"
EndProject
Global
	GlobalSection(SolutionConfigurationPlatforms) = preSolution
		Debug_c|x64 = Debug_c|x64
		Debug_c|x86 = Debug_c|x86
		Debug|x64 = Debug|x64
		Debug|x86 = Debug|x86
		DLL Debug|x64 = DLL Debug|x64
		DLL Debug|x86 = DLL Debug|x86
		DLL Release|x64 = DLL Release|x64
		DLL Release|x86 = DLL Release|x86
		LIB Debug|x64 = LIB Debug|x64
		LIB Debug|x86 = LIB Debug|x86
		LIB Release|x64 = LIB Release|x64
		LIB Release|x86 = LIB Release|x86
		Release_c|x64 = Release_c|x64
		Release_c|x86 = Release_c|x86
		Release|x64 = Release|x64
		Release|x86 = Release|x86
	EndGlobalSection
	GlobalSection(ProjectConfigurationPlatforms) = postSolution
		{B1F8F2D8-4771-450A-9AC8-E3ADF0260F04}.Debug_c|x64.ActiveCfg = Debug|x64
		{B1F8F2D8-4771-450A-9AC8-E3ADF0260F04}.Debug_c|x64.Build.0 = Debug|x64
		{B1F8F2D8-4771-450A-9AC8-E3ADF0260F04}.Debug_c|x86.ActiveCfg = Debug|Win32
		{B1F8F2D8-4771-450A-9AC8-E3ADF0260F04}.Debug_c|x86.Build.0 = Debug|Win32
		{B1F8F2D8-4771-450A-9AC8-E3ADF0260F04}.Debug|x64.ActiveCfg = Debug|x64
		{B1F8F2D8-4771-450A-9AC8-E3ADF0260F04}.Debug|x64.Build.0 = Debug|x64
		{B1F8F2D8-4771-450A-9AC8-E3ADF0260F04}.Debug|x86.ActiveCfg = Debug|Win32
		{B1F8F2D8-4771-450A-9AC8-E3ADF0260F04}.Debug|x86.Build.0 = Debug|Win32
		{B1F8F2D8-4771-450A-9AC8-E3ADF0260F04}.DLL Debug|x64.ActiveCfg = Debug|x64
		{B1F8F2D8-4771-450A-9AC8-E3ADF0260F04}.DLL Debug|x64.Build.0 = Debug|x64
		{B1F8F2D8-4771-450A-9AC8-E3ADF0260F04}.DLL Debug|x86.ActiveCfg = Debug|Win32
		{B1F8F2D8-4771-450A-9AC8-E3ADF0260F04}.DLL Debug|x86.Build.0 = Debug|Win32
		{B1F8F2D8-4771-450A-9AC8-E3ADF0260F04}.DLL Release|x64.ActiveCfg = Release|x64
		{B1F8F2D8-4771-450A-9AC8-E3ADF0260F04}.DLL Release|x64.Build.0 = Release|x64
		{B1F8F2D8-4771-450A-9AC8-E3ADF0260F04}.DLL Release|x86.ActiveCfg = Release|Win32
		{B1F8F2D8-4771-450A-9AC8-E3ADF0260F04}.DLL Release|x86.Build.0 = Release|Win32
		{B1F8F2D8-4771-450A-9AC8-E3ADF0260F04}.LIB Debug|x64.ActiveCfg = Debug|x64
		{B1F8F2D8-4771-450A-9AC8-E3ADF0260F04}.LIB Debug|x64.Build.0 = Debug|x64
		{B1F8F2D8-4771-450A-9AC8-E3ADF0260F04}.LIB Debug|x86.ActiveCfg = Debug|Win32
		{B1F8F2D8-4771-450A-9AC8-E3ADF0260F04}.LIB Debug|x86.Build.0 = Debug|Win32
		{B1F8F2D8-4771-450A-9AC8-E3ADF0260F04}.LIB Release|x64.ActiveCfg = Release|x64
		{B1F8F2D8-4771-450A-9AC8-E3ADF0260F04}.LIB Release|x64.Build.0 = Release|x64
		{B1F8F2D8-4771-450A-9AC8-E3ADF0260F04}.LIB Release|x86.ActiveCfg = Release|Win32
		{B1F8F2D8-4771-450A-9AC8-E3ADF0260F04}.LIB Release|x86.Build.0 = Release|Win32
		{B1F8F2D8-4771-450A-9AC8-E3ADF0260F04}.Release_c|x64.ActiveCfg = Release|x64
		{B1F8F2D8-4771-450A-9AC8-E3ADF0260F04}.Release_c|x64.Build.0 = Release|x64
		{B1F8F2D8-4771-450A-9AC8-E3ADF0260F04}.Release_c|x86.ActiveCfg = Release|Win32
		{B1F8F2D8-4771-450A-9AC8-E3ADF0260F04}.Release_c|x86.Build.0 = Release|Win32
		{B1F8F2D8-4771-450A-9AC8-E3ADF0260F04}.Release|x64.ActiveCfg = Release|x64
		{B1F8F2D8-4771-450A-9AC8-E3ADF0260F04}.Release|x64.Build.0 = Release|x64
		{B1F8F2D8-4771-450A-9AC8-E3ADF0260F04}.Release|x86.ActiveCfg = Release|Win32
		{B1F8F2D8-4771-450A-9AC8-E3ADF0260F04}.Release|x86.Build.0 = Release|Win32
		{7FFD0423-9EE1-4CB9-AAF0-6FC5F82535FF}.Debug_c|x64.ActiveCfg = Debug|x64
		{7FFD0423-9EE1-4CB9-AAF0-6FC5F82535FF}.Debug_c|x64.Build.0 = Debug|x64
		{7FFD0423-9EE1-4CB9-AAF0-6FC5F82535FF}.Debug_c|x86.ActiveCfg = Debug|Win32
		{7FFD0423-9EE1-4CB9-AAF0-6FC5F82535FF}.Debug_c|x86.Build.0 = Debug|Win32
		{7FFD0423-9EE1-4CB9-AAF0-6FC5F82535FF}.Debug|x64.ActiveCfg = Debug|x64
		{7FFD0423-9EE1-4CB9-AAF0-6FC5F82535FF}.Debug|x64.Build.0 = Debug|x64
		{7FFD0423-9EE1-4CB9-AAF0-6FC5F82535FF}.Debug|x86.ActiveCfg = Debug|Win32
		{7FFD0423-9EE1-4CB9-AAF0-6FC5F82535FF}.Debug|x86.Build.0 = Debug|Win32
		{7FFD0423-9EE1-4CB9-AAF0-6FC5F82535FF}.DLL Debug|x64.ActiveCfg = Debug|x64
		{7FFD0423-9EE1-4CB9-AAF0-6FC5F82535FF}.DLL Debug|x64.Build.0 = Debug|x64
		{7FFD0423-9EE1-4CB9-AAF0-6FC5F82535FF}.DLL Debug|x86.ActiveCfg = Debug|Win32
		{7FFD0423-9EE1-4CB9-AAF0-6FC5F82535FF}.DLL Debug|x86.Build.0 = Debug|Win32
		{7FFD0423-9EE1-4CB9-AAF0-6FC5F82535FF}.DLL Release|x64.ActiveCfg = Release|x64
		{7FFD0423-9EE1-4CB9-AAF0-6FC5F82535FF}.DLL Release|x64.Build.0 = Release|x64
		{7FFD0423-9EE1-4CB9-AAF0-6FC5F82535FF}.DLL Release|x86.ActiveCfg = Release|Win32
		{7FFD0423-9EE1-4CB9-AAF0-6FC5F82535FF}.DLL Release|x86.Build.0 = Release|Win32
		{7FFD0423-9EE1-4CB9-AAF0-6FC5F82535FF}.LIB Debug|x64.ActiveCfg = Debug|x64
		{7FFD0423-9EE1-4CB9-AAF0-6FC5F82535FF}.LIB Debug|x64.Build.0 = Debug|x64
		{7FFD0423-9EE1-4CB9-AAF0-6FC5F82535FF}.LIB Debug|x86.ActiveCfg = Debug|Win32
		{7FFD0423-9EE1-4CB9-AAF0-6FC5F82535FF}.LIB Debug|x86.Build.0 = Debug|Win32
		{7FFD0423-9EE1-4CB9-AAF0-6FC5F82535FF}.LIB Release|x64.ActiveCfg = Release|x64
		{7FFD0423-9EE1-4CB9-AAF0-6FC5F82535FF}.LIB Release|x64.Build.0 = Release|x64
		{7FFD0423-9EE1-4CB9-AAF0-6FC5F82535FF}.LIB Release|x86.ActiveCfg = Release|Win32
		{7FFD0423-9EE1-4CB9-AAF0-6FC5F82535FF}.LIB Release|x86.Build.0 = Release|Win32
		{7FFD0423-9EE1-4CB9-AAF0-6FC5F82535FF}.Release_c|x64.ActiveCfg = Release|x64
		{7FFD0423-9EE1-4CB9-AAF0-6FC5F82535FF}.Release_c|x64.Build.0 = Release|x64
		{7FFD0423-9EE1-4CB9-AAF0-6FC5F82535FF}.Release_c|x86.ActiveCfg = Release|Win32
		{7FFD0423-9EE1-4CB9-AAF0-6FC5F82535FF}.Release_c|x86.Build.0 = Release|Win32
		{7FFD0423-9EE1-4CB9-AAF0-6FC5F82535FF}.Release|x64.ActiveCfg = Release|x64
		{7FFD0423-9EE1-4CB9-AAF0-6FC5F82535FF}.Release|x64.Build.0 = Release|x64
		{7FFD0423-9EE1-4CB9-AAF0-6FC5F82535FF}.Release|x86.ActiveCfg = Release|Win32
		{7FFD0423-9EE1-4CB9-AAF0-6FC5F82535FF}.Release|x86.Build.0 = Release|Win32
		{80EE4A35-E029-4E6E-914D-899D409F40DF}.Debug_c|x64.ActiveCfg = Debug|x64
		{80EE4A35-E029-4E6E-914D-899D409F40DF}.Debug_c|x64.Build.0 = Debug|x64
		{80EE4A35-E029-4E6E-914D-899D409F40DF}.Debug_c|x86.ActiveCfg = Debug|Win32
		{80EE4A35-E029-4E6E-914D-899D409F40DF}.Debug_c|x86.Build.0 = Debug|Win32
		{80EE4A35-E029-4E6E-914D-899D409F40DF}.Debug|x64.ActiveCfg = Debug|x64
		{80EE4A35-E029-4E6E-914D-899D409F40DF}.Debug|x64.Build.0 = Debug|x64
		{80EE4A35-E029-4E6E-914D-899D409F40DF}.Debug|x86.ActiveCfg = Debug|Win32
		{80EE4A35-E029-4E6E-914D-899D409F40DF}.Debug|x86.Build.0 = Debug|Win32
		{80EE4A35-E029-4E6E-914D-899D409F40DF}.DLL Debug|x64.ActiveCfg = Debug|x64
		{80EE4A35-E029-4E6E-914D-899D409F40DF}.DLL Debug|x64.Build.0 = Debug|x64
		{80EE4A35-E029-4E6E-914D-899D409F40DF}.DLL Debug|x86.ActiveCfg = Debug|Win32
		{80EE4A35-E029-4E6E-914D-899D409F40DF}.DLL Debug|x86.Build.0 = Debug|Win32
		{80EE4A35-E029-4E6E-914D-899D409F40DF}.DLL Release|x64.ActiveCfg = Release|x64
		{80EE4A35-E029-4E6E-914D-899D409F40DF}.DLL Release|x64.Build.0 = Release|x64
		{80EE4A35-E029-4E6E-914D-899D409F40DF}.DLL Release|x86.ActiveCfg = Release|Win32
		{80EE4A35-E029-4E6E-914D-899D409F40DF}.DLL Release|x86.Build.0 = Release|Win32
		{80EE4A35-E029-4E6E-914D-899D409F40DF}.LIB Debug|x64.ActiveCfg = Debug|x64
		{80EE4A35-E029-4E6E-914D-899D409F40DF}.LIB Debug|x64.Build.0 = Debug|x64
		{80EE4A35-E029-4E6E-914D-899D409F40DF}.LIB Debug|x86.ActiveCfg = Debug|Win32
		{80EE4A35-E029-4E6E-914D-899D409F40DF}.LIB Debug|x86.Build.0 = Debug|Win32
		{80EE4A35-E029-4E6E-914D-899D409F40DF}.LIB Release|x64.ActiveCfg = Release|x64
		{80EE4A35-E029-4E6E-914D-899D409F40DF}.LIB Release|x64.Build.0 = Release|x64
		{80EE4A35-E029-4E6E-914D-899D409F40DF}.LIB Release|x86.ActiveCfg = Release|Win32
		{80EE4A35-E029-4E6E-914D-899D409F40DF}.LIB Release|x86.Build.0 = Release|Win32
		{80EE4A35-E029-4E6E-914D-899D409F40DF}.Release_c|x64.ActiveCfg = Release|x64
		{80EE4A35-E029-4E6E-914D-899D409F40DF}.Release_c|x64.Build.0 = Release|x64
		{80EE4A35-E029-4E6E-914D-899D409F40DF}.Release_c|x86.ActiveCfg = Release|Win32
		{80EE4A35-E029-4E6E-914D-899D409F40DF}.Release_c|x86.Build.0 = Release|Win32
		{80EE4A35-E029-4E6E-914D-899D409F40DF}.Release|x64.ActiveCfg = Release|x64
		{80EE4A35-E029-4E6E-914D-899D409F40DF}.Release|x64.Build.0 = Release|x64
		{80EE4A35-E029-4E6E-914D-899D409F40DF}.Release|x86.ActiveCfg = Release|Win32
		{80EE4A35-E029-4E6E-914D-899D409F40DF}.Release|x86.Build.0 = Release|Win32
		{2F0EC4B6-B3F8-4A05-A884-B935E82E1390}.Debug_c|x64.ActiveCfg = Debug|x64
		{2F0EC4B6-B3F8-4A05-A884-B935E82E1390}.Debug_c|x64.Build.0 = Debug|x64
		{2F0EC4B6-B3F8-4A05-A884-B935E82E1390}.Debug_c|x86.ActiveCfg = Debug|Win32
		{2F0EC4B6-B3F8-4A05-A884-B935E82E1390}.Debug_c|x86.Build.0 = Debug|Win32
		{2F0EC4B6-B3F8-4A05-A884-B935E82E1390}.Debug|x64.ActiveCfg = Debug|x64
		{2F0EC4B6-B3F8-4A05-A884-B935E82E1390}.Debug|x64.Build.0 = Debug|x64
		{2F0EC4B6-B3F8-4A05-A884-B935E82E1390}.Debug|x86.ActiveCfg = Debug|Win32
		{2F0EC4B6-B3F8-4A05-A884-B935E82E1390}.Debug|x86.Build.0 = Debug|Win32
		{2F0EC4B6-B3F8-4A05-A884-B935E82E1390}.DLL Debug|x64.ActiveCfg = Debug|x64
		{2F0EC4B6-B3F8-4A05-A884-B935E82E1390}.DLL Debug|x64.Build.0 = Debug|x64
		{2F0EC4B6-B3F8-4A05-A884-B935E82E1390}.DLL Debug|x86.ActiveCfg = Debug|Win32
		{2F0EC4B6-B3F8-4A05-A884-B935E82E1390}.DLL Debug|x86.Build.0 = Debug|Win32
		{2F0EC4B6-B3F8-4A05-A884-B935E82E1390}.DLL Release|x64.ActiveCfg = Release|x64
		{2F0EC4B6-B3F8-4A05-A884-B935E82E1390}.DLL Release|x64.Build.0 = Release|x64
		{2F0EC4B6-B3F8-4A05-A884-B935E82E1390}.DLL Release|x86.ActiveCfg = Release|Win32
		{2F0EC4B6-B3F8-4A05-A884-B935E82E1390}.DLL Release|x86.Build.0 = Release|Win32
		{2F0EC4B6-B3F8-4A05-A884-B935E82E1390}.LIB Debug|x64.ActiveCfg = Debug|x64
		{2F0EC4B6-B3F8-4A05-A884-B935E82E1390}.LIB Debug|x64.Build.0 = Debug|x64
		{2F0EC4B6-B3F8-4A05-A884-B935E82E1390}.LIB Debug|x86.ActiveCfg = Debug|Win32
		{2F0EC4B6-B3F8-4A05-A884-B935E82E1390}.LIB Debug|x86.Build.0 = Debug|Win32
		{2F0EC4B6-B3F8-4A05-A884-B935E82E1390}.LIB Release|x64.ActiveCfg = Release|x64
		{2F0EC4B6-B3F8-4A05-A884-B935E82E1390}.LIB Release|x64.Build.0 = Release|x64
		{2F0EC4B6-B3F8-4A05-A884-B935E82E1390}.LIB Release|x86.ActiveCfg = Release|Win32
		{2F0EC4B6-B3F8-4A05-A884-B935E82E1390}.LIB Release|x86.Build.0 = Release|Win32
		{2F0EC4B6-B3F8-4A05-A884-B935E82E1390}.Release_c|x64.ActiveCfg = Release|x64
		{2F0EC4B6-B3F8-4A05-A884-B935E82E1390}.Release_c|x64.Build.0 = Release|x64
		{2F0EC4B6-B3F8-4A05-A884-B935E82E1390}.Release_c|x86.ActiveCfg = Release|Win32
		{2F0EC4B6-B3F8-4A05-A884-B935E82E1390}.Release_c|x86.Build.0 = Release|Win32
		{2F0EC4B6-B3F8-4A05-A884-B935E82E1390}.Release|x64.ActiveCfg = Release|x64
		{2F0EC4B6-B3F8-4A05-A884-B935E82E1390}.Release|x64.Build.0 = Release|x64
		{2F0EC4B6-B3F8-4A05-A884-B935E82E1390}.Release|x86.ActiveCfg = Release|Win32
		{2F0EC4B6-B3F8-4A05-A884-B935E82E1390}.Release|x86.Build.0 = Release|Win32
		{447CB638-6655-41E0-A0CA-27E572CE403D}.Debug_c|x64.ActiveCfg = Debug_c|x64
		{447CB638-6655-41E0-A0CA-27E572CE403D}.Debug_c|x64.Build.0 = Debug_c|x64
		{447CB638-6655-41E0-A0CA-27E572CE403D}.Debug_c|x86.ActiveCfg = Debug_c|Win32
		{447CB638-6655-41E0-A0CA-27E572CE403D}.Debug_c|x86.Build.0 = Debug_c|Win32
		{447CB638-6655-41E0-A0CA-27E572CE403D}.Debug|x64.ActiveCfg = Debug|x64
		{447CB638-6655-41E0-A0CA-27E572CE403D}.Debug|x64.Build.0 = Debug|x64
		{447CB638-6655-41E0-A0CA-27E572CE403D}.Debug|x86.ActiveCfg = Debug|Win32
		{447CB638-6655-41E0-A0CA-27E572CE403D}.Debug|x86.Build.0 = Debug|Win32
		{447CB638-6655-41E0-A0CA-27E572CE403D}.DLL Debug|x64.ActiveCfg = Debug|x64
		{447CB638-6655-41E0-A0CA-27E572CE403D}.DLL Debug|x64.Build.0 = Debug|x64
		{447CB638-6655-41E0-A0CA-27E572CE403D}.DLL Debug|x86.ActiveCfg = Debug|Win32
		{447CB638-6655-41E0-A0CA-27E572CE403D}.DLL Debug|x86.Build.0 = Debug|Win32
		{447CB638-6655-41E0-A0CA-27E572CE403D}.DLL Release|x64.ActiveCfg = Release|x64
		{447CB638-6655-41E0-A0CA-27E572CE403D}.DLL Release|x64.Build.0 = Release|x64
		{447CB638-6655-41E0-A0CA-27E572CE403D}.DLL Release|x86.ActiveCfg = Release|Win32
		{447CB638-6655-41E0-A0CA-27E572CE403D}.DLL Release|x86.Build.0 = Release|Win32
		{447CB638-6655-41E0-A0CA-27E572CE403D}.LIB Debug|x64.ActiveCfg = Debug|x64
		{447CB638-6655-41E0-A0CA-27E572CE403D}.LIB Debug|x64.Build.0 = Debug|x64
		{447CB638-6655-41E0-A0CA-27E572CE403D}.LIB Debug|x86.ActiveCfg = Debug|Win32
		{447CB638-6655-41E0-A0CA-27E572CE403D}.LIB Debug|x86.Build.0 = Debug|Win32
		{447CB638-6655-41E0-A0CA-27E572CE403D}.LIB Release|x64.ActiveCfg = Release|x64
		{447CB638-6655-41E0-A0CA-27E572CE403D}.LIB Release|x64.Build.0 = Release|x64
		{447CB638-6655-41E0-A0CA-27E572CE403D}.LIB Release|x86.ActiveCfg = Release|Win32
		{447CB638-6655-41E0-A0CA-27E572CE403D}.LIB Release|x86.Build.0 = Release|Win32
		{447CB638-6655-41E0-A0CA-27E572CE403D}.Release_c|x64.ActiveCfg = Release_c|x64
		{447CB638-6655-41E0-A0CA-27E572CE403D}.Release_c|x64.Build.0 = Release_c|x64
		{447CB638-6655-41E0-A0CA-27E572CE403D}.Release_c|x86.ActiveCfg = Release_c|Win32
		{447CB638-6655-41E0-A0CA-27E572CE403D}.Release_c|x86.Build.0 = Release_c|Win32
		{447CB638-6655-41E0-A0CA-27E572CE403D}.Release|x64.ActiveCfg = Release|x64
		{447CB638-6655-41E0-A0CA-27E572CE403D}.Release|x64.Build.0 = Release|x64
		{447CB638-6655-41E0-A0CA-27E572CE403D}.Release|x86.ActiveCfg = Release|Win32
		{447CB638-6655-41E0-A0CA-27E572CE403D}.Release|x86.Build.0 = Release|Win32
		{C62CCB54-397C-4DA7-94FE-E730F1592EA1}.Debug_c|x64.ActiveCfg = Debug_c|x64
		{C62CCB54-397C-4DA7-94FE-E730F1592EA1}.Debug_c|x64.Build.0 = Debug_c|x64
		{C62CCB54-397C-4DA7-94FE-E730F1592EA1}.Debug_c|x86.ActiveCfg = Debug_c|Win32
		{C62CCB54-397C-4DA7-94FE-E730F1592EA1}.Debug_c|x86.Build.0 = Debug_c|Win32
		{C62CCB54-397C-4DA7-94FE-E730F1592EA1}.Debug|x64.ActiveCfg = Debug|x64
		{C62CCB54-397C-4DA7-94FE-E730F1592EA1}.Debug|x64.Build.0 = Debug|x64
		{C62CCB54-397C-4DA7-94FE-E730F1592EA1}.Debug|x86.ActiveCfg = Debug|Win32
		{C62CCB54-397C-4DA7-94FE-E730F1592EA1}.Debug|x86.Build.0 = Debug|Win32
		{C62CCB54-397C-4DA7-94FE-E730F1592EA1}.DLL Debug|x64.ActiveCfg = Debug|x64
		{C62CCB54-397C-4DA7-94FE-E730F1592EA1}.DLL Debug|x64.Build.0 = Debug|x64
		{C62CCB54-397C-4DA7-94FE-E730F1592EA1}.DLL Debug|x86.ActiveCfg = Debug|Win32
		{C62CCB54-397C-4DA7-94FE-E730F1592EA1}.DLL Debug|x86.Build.0 = Debug|Win32
		{C62CCB54-397C-4DA7-94FE-E730F1592EA1}.DLL Release|x64.ActiveCfg = Release|x64
		{C62CCB54-397C-4DA7-94FE-E730F1592EA1}.DLL Release|x64.Build.0 = Release|x64
		{C62CCB54-397C-4DA7-94FE-E730F1592EA1}.DLL Release|x86.ActiveCfg = Release|Win32
		{C62CCB54-397C-4DA7-94FE-E730F1592EA1}.DLL Release|x86.Build.0 = Release|Win32
		{C62CCB54-397C-4DA7-94FE-E730F1592EA1}.LIB Debug|x64.ActiveCfg = Debug|x64
		{C62CCB54-397C-4DA7-94FE-E730F1592EA1}.LIB Debug|x64.Build.0 = Debug|x64
		{C62CCB54-397C-4DA7-94FE-E730F1592EA1}.LIB Debug|x86.ActiveCfg = Debug|Win32
		{C62CCB54-397C-4DA7-94FE-E730F1592EA1}.LIB Debug|x86.Build.0 = Debug|Win32
		{C62CCB54-397C-4DA7-94FE-E730F1592EA1}.LIB Release|x64.ActiveCfg = Release|x64
		{C62CCB54-397C-4DA7-94FE-E730F1592EA1}.LIB Release|x64.Build.0 = Release|x64
		{C62CCB54-397C-4DA7-94FE-E730F1592EA1}.LIB Release|x86.ActiveCfg = Release|Win32
		{C62CCB54-397C-4DA7-94FE-E730F1592EA1}.LIB Release|x86.Build.0 = Release|Win32
		{C62CCB54-397C-4DA7-94FE-E730F1592EA1}.Release_c|x64.ActiveCfg = Release_c|x64
		{C62CCB54-397C-4DA7-94FE-E730F1592EA1}.Release_c|x64.Build.0 = Release_c|x64
		{C62CCB54-397C-4DA7-94FE-E730F1592EA1}.Release_c|x86.ActiveCfg = Release_c|Win32
		{C62CCB54-397C-4DA7-94FE-E730F1592EA1}.Release_c|x86.Build.0 = Release_c|Win32
		{C62CCB54-397C-4DA7-94FE-E730F1592EA1}.Release|x64.ActiveCfg = Release|x64
		{C62CCB54-397C-4DA7-94FE-E730F1592EA1}.Release|x64.Build.0 = Release|x64
		{C62CCB54-397C-4DA7-94FE-E730F1592EA1}.Release|x86.ActiveCfg = Release|Win32
		{C62CCB54-397C-4DA7-94FE-E730F1592EA1}.Release|x86.Build.0 = Release|Win32
		{CE78E55E-8DE6-4A37-A092-721233412A4A}.Debug_c|x64.ActiveCfg = Debug_c|x64
		{CE78E55E-8DE6-4A37-A092-721233412A4A}.Debug_c|x64.Build.0 = Debug_c|x64
		{CE78E55E-8DE6-4A37-A092-721233412A4A}.Debug_c|x86.ActiveCfg = Debug_c|Win32
		{CE78E55E-8DE6-4A37-A092-721233412A4A}.Debug_c|x86.Build.0 = Debug_c|Win32
		{CE78E55E-8DE6-4A37-A092-721233412A4A}.Debug|x64.ActiveCfg = Debug|x64
		{CE78E55E-8DE6-4A37-A092-721233412A4A}.Debug|x64.Build.0 = Debug|x64
		{CE78E55E-8DE6-4A37-A092-721233412A4A}.Debug|x86.ActiveCfg = Debug|Win32
		{CE78E55E-8DE6-4A37-A092-721233412A4A}.Debug|x86.Build.0 = Debug|Win32
		{CE78E55E-8DE6-4A37-A092-721233412A4A}.DLL Debug|x64.ActiveCfg = Debug|x64
		{CE78E55E-8DE6-4A37-A092-721233412A4A}.DLL Debug|x64.Build.0 = Debug|x64
		{CE78E55E-8DE6-4A37-A092-721233412A4A}.DLL Debug|x86.ActiveCfg = Debug|Win32
		{CE78E55E-8DE6-4A37-A092-721233412A4A}.DLL Debug|x86.Build.0 = Debug|Win32
		{CE78E55E-8DE6-4A37-A092-721233412A4A}.DLL Release|x64.ActiveCfg = Release|x64
		{CE78E55E-8DE6-4A37-A092-721233412A4A}.DLL Release|x64.Build.0 = Release|x64
		{CE78E55E-8DE6-4A37-A092-721233412A4A}.DLL Release|x86.ActiveCfg = Release|Win32
		{CE78E55E-8DE6-4A37-A092-721233412A4A}.DLL Release|x86.Build.0 = Release|Win32
		{CE78E55E-8DE6-4A37-A092-721233412A4A}.LIB Debug|x64.ActiveCfg = Debug|x64
		{CE78E55E-8DE6-4A37-A092-721233412A4A}.LIB Debug|x64.Build.0 = Debug|x64
		{CE78E55E-8DE6-4A37-A092-721233412A4A}.LIB Debug|x86.ActiveCfg = Debug|Win32
		{CE78E55E-8DE6-4A37-A092-721233412A4A}.LIB Debug|x86.Build.0 = Debug|Win32
		{CE78E55E-8DE6-4A37-A092-721233412A4A}.LIB Release|x64.ActiveCfg = Release|x64
		{CE78E55E-8DE6-4A37-A092-721233412A4A}.LIB Release|x64.Build.0 = Release|x64
		{CE78E55E-8DE6-4A37-A092-721233412A4A}.LIB Release|x86.ActiveCfg = Release|Win32
		{CE78E55E-8DE6-4A37-A092-721233412A4A}.LIB Release|x86.Build.0 = Release|Win32
		{CE78E55E-8DE6-4A37-A092-721233412A4A}.Release_c|x64.ActiveCfg = Release_c|x64
		{CE78E55E-8DE6-4A37-A092-721233412A4A}.Release_c|x64.Build.0 = Release_c|x64
		{CE78E55E-8DE6-4A37-A092-721233412A4A}.Release_c|x86.ActiveCfg = Release_c|Win32
		{CE78E55E-8DE6-4A37-A092-721233412A4A}.Release_c|x86.Build.0 = Release_c|Win32
		{CE78E55E-8DE6-4A37-A092-721233412A4A}.Release|x64.ActiveCfg = Release|x64
		{CE78E55E-8DE6-4A37-A092-721233412A4A}.Release|x64.Build.0 = Release|x64
		{CE78E55E-8DE6-4A37-A092-721233412A4A}.Release|x86.ActiveCfg = Release|Win32
		{CE78E55E-8DE6-4A37-A092-721233412A4A}.Release|x86.Build.0 = Release|Win32
		{E5A7A71B-6A5F-453E-994A-4D5750A34274}.Debug_c|x64.ActiveCfg = Debug_c|x64
		{E5A7A71B-6A5F-453E-994A-4D5750A34274}.Debug_c|x64.Build.0 = Debug_c|x64
		{E5A7A71B-6A5F-453E-994A-4D5750A34274}.Debug_c|x86.ActiveCfg = Debug_c|Win32
		{E5A7A71B-6A5F-453E-994A-4D5750A34274}.Debug_c|x86.Build.0 = Debug_c|Win32
		{E5A7A71B-6A5F-453E-994A-4D5750A34274}.Debug|x64.ActiveCfg = Debug|x64
		{E5A7A71B-6A5F-453E-994A-4D5750A34274}.Debug|x64.Build.0 = Debug|x64
		{E5A7A71B-6A5F-453E-994A-4D5750A34274}.Debug|x86.ActiveCfg = Debug|Win32
		{E5A7A71B-6A5F-453E-994A-4D5750A34274}.Debug|x86.Build.0 = Debug|Win32
		{E5A7A71B-6A5F-453E-994A-4D5750A34274}.DLL Debug|x64.ActiveCfg = Debug|x64
		{E5A7A71B-6A5F-453E-994A-4D5750A34274}.DLL Debug|x64.Build.0 = Debug|x64
		{E5A7A71B-6A5F-453E-994A-4D5750A34274}.DLL Debug|x86.ActiveCfg = Debug|Win32
		{E5A7A71B-6A5F-453E-994A-4D5750A34274}.DLL Debug|x86.Build.0 = Debug|Win32
		{E5A7A71B-6A5F-453E-994A-4D5750A34274}.DLL Release|x64.ActiveCfg = Release|x64
		{E5A7A71B-6A5F-453E-994A-4D5750A34274}.DLL Release|x64.Build.0 = Release|x64
		{E5A7A71B-6A5F-453E-994A-4D5750A34274}.DLL Release|x86.ActiveCfg = Release|Win32
		{E5A7A71B-6A5F-453E-994A-4D5750A34274}.DLL Release|x86.Build.0 = Release|Win32
		{E5A7A71B-6A5F-453E-994A-4D5750A34274}.LIB Debug|x64.ActiveCfg = Debug|x64
		{E5A7A71B-6A5F-453E-994A-4D5750A34274}.LIB Debug|x64.Build.0 = Debug|x64
		{E5A7A71B-6A5F-453E-994A-4D5750A34274}.LIB Debug|x86.ActiveCfg = Debug|Win32
		{E5A7A71B-6A5F-453E-994A-4D5750A34274}.LIB Debug|x86.Build.0 = Debug|Win32
		{E5A7A71B-6A5F-453E-994A-4D5750A34274}.LIB Release|x64.ActiveCfg = Release|x64
		{E5A7A71B-6A5F-453E-994A-4D5750A34274}.LIB Release|x64.Build.0 = Release|x64
		{E5A7A71B-6A5F-453E-994A-4D5750A34274}.LIB Release|x86.ActiveCfg = Release|Win32
		{E5A7A71B-6A5F-453E-994A-4D5750A34274}.LIB Release|x86.Build.0 = Release|Win32
		{E5A7A71B-6A5F-453E-994A-4D5750A34274}.Release_c|x64.ActiveCfg = Release_c|x64
		{E5A7A71B-6A5F-453E-994A-4D5750A34274}.Release_c|x64.Build.0 = Release_c|x64
		{E5A7A71B-6A5F-453E-994A-4D5750A34274}.Release_c|x86.ActiveCfg = Release_c|Win32
		{E5A7A71B-6A5F-453E-994A-4D5750A34274}.Release_c|x86.Build.0 = Release_c|Win32
		{E5A7A71B-6A5F-453E-994A-4D5750A34274}.Release|x64.ActiveCfg = Release|x64
		{E5A7A71B-6A5F-453E-994A-4D5750A34274}.Release|x64.Build.0 = Release|x64
		{E5A7A71B-6A5F-453E-994A-4D5750A34274}.Release|x86.ActiveCfg = Release|Win32
		{E5A7A71B-6A5F-453E-994A-4D5750A34274}.Release|x86.Build.0 = Release|Win32
		{E8584E80-48BD-44BF-B1AE-89692BA464A0}.Debug_c|x64.ActiveCfg = Debug_c|x64
		{E8584E80-48BD-44BF-B1AE-89692BA464A0}.Debug_c|x64.Build.0 = Debug_c|x64
		{E8584E80-48BD-44BF-B1AE-89692BA464A0}.Debug_c|x86.ActiveCfg = Debug_c|Win32
		{E8584E80-48BD-44BF-B1AE-89692BA464A0}.Debug_c|x86.Build.0 = Debug_c|Win32
		{E8584E80-48BD-44BF-B1AE-89692BA464A0}.Debug|x64.ActiveCfg = Debug|x64
		{E8584E80-48BD-44BF-B1AE-89692BA464A0}.Debug|x64.Build.0 = Debug|x64
		{E8584E80-48BD-44BF-B1AE-89692BA464A0}.Debug|x86.ActiveCfg = Debug|Win32
		{E8584E80-48BD-44BF-B1AE-89692BA464A0}.Debug|x86.Build.0 = Debug|Win32
		{E8584E80-48BD-44BF-B1AE-89692BA464A0}.DLL Debug|x64.ActiveCfg = Debug|x64
		{E8584E80-48BD-44BF-B1AE-89692BA464A0}.DLL Debug|x64.Build.0 = Debug|x64
		{E8584E80-48BD-44BF-B1AE-89692BA464A0}.DLL Debug|x86.ActiveCfg = Debug|Win32
		{E8584E80-48BD-44BF-B1AE-89692BA464A0}.DLL Debug|x86.Build.0 = Debug|Win32
		{E8584E80-48BD-44BF-B1AE-89692BA464A0}.DLL Release|x64.ActiveCfg = Release|x64
		{E8584E80-48BD-44BF-B1AE-89692BA464A0}.DLL Release|x64.Build.0 = Release|x64
		{E8584E80-48BD-44BF-B1AE-89692BA464A0}.DLL Release|x86.ActiveCfg = Release|Win32
		{E8584E80-48BD-44BF-B1AE-89692BA464A0}.DLL Release|x86.Build.0 = Release|Win32
		{E8584E80-48BD-44BF-B1AE-89692BA464A0}.LIB Debug|x64.ActiveCfg = Debug|x64
		{E8584E80-48BD-44BF-B1AE-89692BA464A0}.LIB Debug|x64.Build.0 = Debug|x64
		{E8584E80-48BD-44BF-B1AE-89692BA464A0}.LIB Debug|x86.ActiveCfg = Debug|Win32
		{E8584E80-48BD-44BF-B1AE-89692BA464A0}.LIB Debug|x86.Build.0 = Debug|Win32
		{E8584E80-48BD-44BF-B1AE-89692BA464A0}.LIB Release|x64.ActiveCfg = Release|x64
		{E8584E80-48BD-44BF-B1AE-89692BA464A0}.LIB Release|x64.Build.0 = Release|x64
		{E8584E80-48BD-44BF-B1AE-89692BA464A0}.LIB Release|x86.ActiveCfg = Release|Win32
		{E8584E80-48BD-44BF-B1AE-89692BA464A0}.LIB Release|x86.Build.0 = Release|Win32
		{E8584E80-48BD-44BF-B1AE-89692BA464A0}.Release_c|x64.ActiveCfg = Release_c|x64
		{E8584E80-48BD-44BF-B1AE-89692BA464A0}.Release_c|x64.Build.0 = Release_c|x64
		{E8584E80-48BD-44BF-B1AE-89692BA464A0}.Release_c|x86.ActiveCfg = Release_c|Win32
		{E8584E80-48BD-44BF-B1AE-89692BA464A0}.Release_c|x86.Build.0 = Release_c|Win32
		{E8584E80-48BD-44BF-B1AE-89692BA464A0}.Release|x64.ActiveCfg = Release|x64
		{E8584E80-48BD-44BF-B1AE-89692BA464A0}.Release|x64.Build.0 = Release|x64
		{E8584E80-48BD-44BF-B1AE-89692BA464A0}.Release|x86.ActiveCfg = Release|Win32
		{E8584E80-48BD-44BF-B1AE-89692BA464A0}.Release|x86.Build.0 = Release|Win32
		{DB036BA5-F9D8-48E3-B644-CAD51CA20FB0}.Debug_c|x64.ActiveCfg = Debug_c|x64
		{DB036BA5-F9D8-48E3-B644-CAD51CA20FB0}.Debug_c|x64.Build.0 = Debug_c|x64
		{DB036BA5-F9D8-48E3-B644-CAD51CA20FB0}.Debug_c|x86.ActiveCfg = Debug_c|Win32
		{DB036BA5-F9D8-48E3-B644-CAD51CA20FB0}.Debug_c|x86.Build.0 = Debug_c|Win32
		{DB036BA5-F9D8-48E3-B644-CAD51CA20FB0}.Debug|x64.ActiveCfg = Debug|x64
		{DB036BA5-F9D8-48E3-B644-CAD51CA20FB0}.Debug|x64.Build.0 = Debug|x64
		{DB036BA5-F9D8-48E3-B644-CAD51CA20FB0}.Debug|x86.ActiveCfg = Debug|Win32
		{DB036BA5-F9D8-48E3-B644-CAD51CA20FB0}.Debug|x86.Build.0 = Debug|Win32
		{DB036BA5-F9D8-48E3-B644-CAD51CA20FB0}.DLL Debug|x64.ActiveCfg = Debug|x64
		{DB036BA5-F9D8-48E3-B644-CAD51CA20FB0}.DLL Debug|x64.Build.0 = Debug|x64
		{DB036BA5-F9D8-48E3-B644-CAD51CA20FB0}.DLL Debug|x86.ActiveCfg = Debug|Win32
		{DB036BA5-F9D8-48E3-B644-CAD51CA20FB0}.DLL Debug|x86.Build.0 = Debug|Win32
		{DB036BA5-F9D8-48E3-B644-CAD51CA20FB0}.DLL Release|x64.ActiveCfg = Release|x64
		{DB036BA5-F9D8-48E3-B644-CAD51CA20FB0}.DLL Release|x64.Build.0 = Release|x64
		{DB036BA5-F9D8-48E3-B644-CAD51CA20FB0}.DLL Release|x86.ActiveCfg = Release|Win32
		{DB036BA5-F9D8-48E3-B644-CAD51CA20FB0}.DLL Release|x86.Build.0 = Release|Win32
		{DB036BA5-F9D8-48E3-B644-CAD51CA20FB0}.LIB Debug|x64.ActiveCfg = Debug|x64
		{DB036BA5-F9D8-48E3-B644-CAD51CA20FB0}.LIB Debug|x64.Build.0 = Debug|x64
		{DB036BA5-F9D8-48E3-B644-CAD51CA20FB0}.LIB Debug|x86.ActiveCfg = Debug|Win32
		{DB036BA5-F9D8-48E3-B644-CAD51CA20FB0}.LIB Debug|x86.Build.0 = Debug|Win32
		{DB036BA5-F9D8-48E3-B644-CAD51CA20FB0}.LIB Release|x64.ActiveCfg = Release|x64
		{DB036BA5-F9D8-48E3-B644-CAD51CA20FB0}.LIB Release|x64.Build.0 = Release|x64
		{DB036BA5-F9D8-48E3-B644-CAD51CA20FB0}.LIB Release|x86.ActiveCfg = Release|Win32
		{DB036BA5-F9D8-48E3-B644-CAD51CA20FB0}.LIB Release|x86.Build.0 = Release|Win32
		{DB036BA5-F9D8-48E3-B644-CAD51CA20FB0}.Release_c|x64.ActiveCfg = Release_c|x64
		{DB036BA5-F9D8-48E3-B644-CAD51CA20FB0}.Release_c|x64.Build.0 = Release_c|x64
		{DB036BA5-F9D8-48E3-B644-CAD51CA20FB0}.Release_c|x86.ActiveCfg = Release_c|Win32
		{DB036BA5-F9D8-48E3-B644-CAD51CA20FB0}.Release_c|x86.Build.0 = Release_c|Win32
		{DB036BA5-F9D8-48E3-B644-CAD51CA20FB0}.Release|x64.ActiveCfg = Release|x64
		{DB036BA5-F9D8-48E3-B644-CAD51CA20FB0}.Release|x64.Build.0 = Release|x64
		{DB036BA5-F9D8-48E3-B644-CAD51CA20FB0}.Release|x86.ActiveCfg = Release|Win32
		{DB036BA5-F9D8-48E3-B644-CAD51CA20FB0}.Release|x86.Build.0 = Release|Win32
		{0AD41568-1FD0-45B5-8376-C444BC762E51}.Debug_c|x64.ActiveCfg = Debug_c|x64
		{0AD41568-1FD0-45B5-8376-C444BC762E51}.Debug_c|x64.Build.0 = Debug_c|x64
		{0AD41568-1FD0-45B5-8376-C444BC762E51}.Debug_c|x86.ActiveCfg = Debug_c|Win32
		{0AD41568-1FD0-45B5-8376-C444BC762E51}.Debug_c|x86.Build.0 = Debug_c|Win32
		{0AD41568-1FD0-45B5-8376-C444BC762E51}.Debug|x64.ActiveCfg = Debug|x64
		{0AD41568-1FD0-45B5-8376-C444BC762E51}.Debug|x64.Build.0 = Debug|x64
		{0AD41568-1FD0-45B5-8376-C444BC762E51}.Debug|x86.ActiveCfg = Debug|Win32
		{0AD41568-1FD0-45B5-8376-C444BC762E51}.Debug|x86.Build.0 = Debug|Win32
		{0AD41568-1FD0-45B5-8376-C444BC762E51}.DLL Debug|x64.ActiveCfg = Debug|x64
		{0AD41568-1FD0-45B5-8376-C444BC762E51}.DLL Debug|x64.Build.0 = Debug|x64
		{0AD41568-1FD0-45B5-8376-C444BC762E51}.DLL Debug|x86.ActiveCfg = Debug|Win32
		{0AD41568-1FD0-45B5-8376-C444BC762E51}.DLL Debug|x86.Build.0 = Debug|Win32
		{0AD41568-1FD0-45B5-8376-C444BC762E51}.DLL Release|x64.ActiveCfg = Release|x64
		{0AD41568-1FD0-45B5-8376-C444BC762E51}.DLL Release|x64.Build.0 = Release|x64
		{0AD41568-1FD0-45B5-8376-C444BC762E51}.DLL Release|x86.ActiveCfg = Release|Win32
		{0AD41568-1FD0-45B5-8376-C444BC762E51}.DLL Release|x86.Build.0 = Release|Win32
		{0AD41568-1FD0-45B5-8376-C444BC762E51}.LIB Debug|x64.ActiveCfg = Debug|x64
		{0AD41568-1FD0-45B5-8376-C444BC762E51}.LIB Debug|x64.Build.0 = Debug|x64
		{0AD41568-1FD0-45B5-8376-C444BC762E51}.LIB Debug|x86.ActiveCfg = Debug|Win32
		{0AD41568-1FD0-45B5-8376-C444BC762E51}.LIB Debug|x86.Build.0 = Debug|Win32
		{0AD41568-1FD0-45B5-8376-C444BC762E51}.LIB Release|x64.ActiveCfg = Release|x64
		{0AD41568-1FD0-45B5-8376-C444BC762E51}.LIB Release|x64.Build.0 = Release|x64
		{0AD41568-1FD0-45B5-8376-C444BC762E51}.LIB Release|x86.ActiveCfg = Release|Win32
		{0AD41568-1FD0-45B5-8376-C444BC762E51}.LIB Release|x86.Build.0 = Release|Win32
		{0AD41568-1FD0-45B5-8376-C444BC762E51}.Release_c|x64.ActiveCfg = Release_c|x64
		{0AD41568-1FD0-45B5-8376-C444BC762E51}.Release_c|x64.Build.0 = Release_c|x64
		{0AD41568-1FD0-45B5-8376-C444BC762E51}.Release_c|x86.ActiveCfg = Release_c|Win32
		{0AD41568-1FD0-45B5-8376-C444BC762E51}.Release_c|x86.Build.0 = Release_c|Win32
		{0AD41568-1FD0-45B5-8376-C444BC762E51}.Release|x64.ActiveCfg = Release|x64
		{0AD41568-1FD0-45B5-8376-C444BC762E51}.Release|x64.Build.0 = Release|x64
		{0AD41568-1FD0-45B5-8376-C444BC762E51}.Release|x86.ActiveCfg = Release|Win32
		{0AD41568-1FD0-45B5-8376-C444BC762E51}.Release|x86.Build.0 = Release|Win32
	EndGlobalSection
	GlobalSection(SolutionProperties) = preSolution
		HideSolutionNode = FALSE
	EndGlobalSection
	GlobalSection(NestedProjects) = preSolution
		{7FFD0423-9EE1-4CB9-AAF0-6FC5F82535FF} = {F8C9BA25-5E0B-4D0E-AE94-822DE9F77D77}
		{80EE4A35-E029-4E6E-914D-899D409F40DF} = {F8C9BA25-5E0B-4D0E-AE94-822DE9F77D77}
		{2F0EC4B6-B3F8-4A05-A884-B935E82E1390} = {F8C9BA25-5E0B-4D0E-AE94-822DE9F77D77}
		{447CB638-6655-41E0-A0CA-27E572CE403D} = {F8C9BA25-5E0B-4D0E-AE94-822DE9F77D77}
		{C62CCB54-397C-4DA7-94FE-E730F1592EA1} = {F8C9BA25-5E0B-4D0E-AE94-822DE9F77D77}
		{CE78E55E-8DE6-4A37-A092-721233412A4A} = {F8C9BA25-5E0B-4D0E-AE94-822DE9F77D77}
		{E5A7A71B-6A5F-453E-994A-4D5750A34274} = {F8C9BA25-5E0B-4D0E-AE94-822DE9F77D77}
		{E8584E80-48BD-44BF-B1AE-89692BA464A0} = {F8C9BA25-5E0B-4D0E-AE94-822DE9F77D77}
	EndGlobalSection
EndGlobal
